PODS:
  - connectivity (0.0.1):
    - Flutter
    - Reachability
  - encryptions (0.0.1):
    - Flutter
  - Flutter (1.0.0)
  - Reachability (3.2)
  - shared_preferences_foundation (0.0.1):
    - Flutter
    - FlutterMacOS
  - sqflite (0.0.3):
    - Flutter
    - FlutterMacOS

DEPENDENCIES:
  - connectivity (from `.symlinks/plugins/connectivity/ios`)
  - encryptions (from `.symlinks/plugins/encryptions/ios`)
  - Flutter (from `Flutter`)
  - shared_preferences_foundation (from `.symlinks/plugins/shared_preferences_foundation/darwin`)
  - sqflite (from `.symlinks/plugins/sqflite/darwin`)

SPEC REPOS:
  trunk:
    - Reachability

EXTERNAL SOURCES:
  connectivity:
    :path: ".symlinks/plugins/connectivity/ios"
  encryptions:
    :path: ".symlinks/plugins/encryptions/ios"
  Flutter:
    :path: Flutter
  shared_preferences_foundation:
    :path: ".symlinks/plugins/shared_preferences_foundation/darwin"
  sqflite:
    :path: ".symlinks/plugins/sqflite/darwin"

SPEC CHECKSUMS:
  connectivity: c4130b2985d4ef6fd26f9702e886bd5260681467
  encryptions: a374d8610fbe88a7f00a14e059ff1df3f100d9e2
  Flutter: e0871f40cf51350855a761d2e70bf5af5b9b5de7
  Reachability: 33e18b67625424e47b6cde6d202dce689ad7af96
  shared_preferences_foundation: 5b919d13b803cadd15ed2dc053125c68730e5126
  sqflite: 673a0e54cc04b7d6dba8d24fb8095b31c3a99eec

PODFILE CHECKSUM: 819463e6a0290f5a72f145ba7cde16e8b6ef0796

COCOAPODS: 1.11.2
